
Microsoft Visual Studio Solution File, Format Version 12.00
# Visual Studio 2013
VisualStudioVersion = 12.0.31010.0
MinimumVisualStudioVersion = 10.0.40219.1
Project("{FAE04EC0-301F-11D3-BF4B-00C04F79EFBC}") = "SportsStore.Domain", "SportsStore.Domain\SportsStore.Domain.csproj", "{2CDE338B-BE3D-4E6F-B32E-5B9BD1566793}"
EndProject
Project("{FAE04EC0-301F-11D3-BF4B-00C04F79EFBC}") = "SportsStore.WebUI", "SportsStore.WebUI\SportsStore.WebUI.csproj", "{9972CEC4-DC98-4A84-8043-FECA09B9BB4A}"
EndProject
Project("{FAE04EC0-301F-11D3-BF4B-00C04F79EFBC}") = "SportsStore.WebUI.Tests", "SportsStore.WebUI.Tests\SportsStore.WebUI.Tests.csproj", "{AD5E06F9-261E-450C-A90F-AA8A50E506D3}"
EndProject
Global
	GlobalSection(SolutionConfigurationPlatforms) = preSolution
		Debug|Any CPU = Debug|Any CPU
		Release|Any CPU = Release|Any CPU
	EndGlobalSection
	GlobalSection(ProjectConfigurationPlatforms) = postSolution
		{2CDE338B-BE3D-4E6F-B32E-5B9BD1566793}.Debug|Any CPU.ActiveCfg = Debug|Any CPU
		{2CDE338B-BE3D-4E6F-B32E-5B9BD1566793}.Debug|Any CPU.Build.0 = Debug|Any CPU
		{2CDE338B-BE3D-4E6F-B32E-5B9BD1566793}.Release|Any CPU.ActiveCfg = Release|Any CPU
		{2CDE338B-BE3D-4E6F-B32E-5B9BD1566793}.Release|Any CPU.Build.0 = Release|Any CPU
		{9972CEC4-DC98-4A84-8043-FECA09B9BB4A}.Debug|Any CPU.ActiveCfg = Debug|Any CPU
		{9972CEC4-DC98-4A84-8043-FECA09B9BB4A}.Debug|Any CPU.Build.0 = Debug|Any CPU
		{9972CEC4-DC98-4A84-8043-FECA09B9BB4A}.Release|Any CPU.ActiveCfg = Release|Any CPU
		{9972CEC4-DC98-4A84-8043-FECA09B9BB4A}.Release|Any CPU.Build.0 = Release|Any CPU
		{AD5E06F9-261E-450C-A90F-AA8A50E506D3}.Debug|Any CPU.ActiveCfg = Debug|Any CPU
		{AD5E06F9-261E-450C-A90F-AA8A50E506D3}.Debug|Any CPU.Build.0 = Debug|Any CPU
		{AD5E06F9-261E-450C-A90F-AA8A50E506D3}.Release|Any CPU.ActiveCfg = Release|Any CPU
		{AD5E06F9-261E-450C-A90F-AA8A50E506D3}.Release|Any CPU.Build.0 = Release|Any CPU
	EndGlobalSection
	GlobalSection(SolutionProperties) = preSolution
		HideSolutionNode = FALSE
	EndGlobalSection
EndGlobal
