
Microsoft Visual Studio Solution File, Format Version 12.00
# Visual Studio 2013
VisualStudioVersion = 12.0.31010.0
MinimumVisualStudioVersion = 10.0.40219.1
Project("{FAE04EC0-301F-11D3-BF4B-00C04F79EFBC}") = "UrlsAndRoutes", "UrlsAndRoutes\UrlsAndRoutes.csproj", "{1F3CF74D-B277-4701-8795-B89B67BBF22A}"
EndProject
Project("{FAE04EC0-301F-11D3-BF4B-00C04F79EFBC}") = "UrlsAndRoutes.Tests", "UrlsAndRoutes.Tests\UrlsAndRoutes.Tests.csproj", "{B21F127B-1981-4A85-B733-F3A8CF3E0D09}"
EndProject
Global
	GlobalSection(SolutionConfigurationPlatforms) = preSolution
		Debug|Any CPU = Debug|Any CPU
		Release|Any CPU = Release|Any CPU
	EndGlobalSection
	GlobalSection(ProjectConfigurationPlatforms) = postSolution
		{1F3CF74D-B277-4701-8795-B89B67BBF22A}.Debug|Any CPU.ActiveCfg = Debug|Any CPU
		{1F3CF74D-B277-4701-8795-B89B67BBF22A}.Debug|Any CPU.Build.0 = Debug|Any CPU
		{1F3CF74D-B277-4701-8795-B89B67BBF22A}.Release|Any CPU.ActiveCfg = Release|Any CPU
		{1F3CF74D-B277-4701-8795-B89B67BBF22A}.Release|Any CPU.Build.0 = Release|Any CPU
		{B21F127B-1981-4A85-B733-F3A8CF3E0D09}.Debug|Any CPU.ActiveCfg = Debug|Any CPU
		{B21F127B-1981-4A85-B733-F3A8CF3E0D09}.Debug|Any CPU.Build.0 = Debug|Any CPU
		{B21F127B-1981-4A85-B733-F3A8CF3E0D09}.Release|Any CPU.ActiveCfg = Release|Any CPU
		{B21F127B-1981-4A85-B733-F3A8CF3E0D09}.Release|Any CPU.Build.0 = Release|Any CPU
	EndGlobalSection
	GlobalSection(SolutionProperties) = preSolution
		HideSolutionNode = FALSE
	EndGlobalSection
EndGlobal
