
Microsoft Visual Studio Solution File, Format Version 12.00
# Visual Studio 2013
VisualStudioVersion = 12.0.31101.0
MinimumVisualStudioVersion = 10.0.40219.1
Project("{FAE04EC0-301F-11D3-BF4B-00C04F79EFBC}") = "ControllersAndRoutes", "ControllersAndRoutes\ControllersAndRoutes.csproj", "{8B26CEB6-F555-475A-B4DE-060D0704E576}"
EndProject
Project("{FAE04EC0-301F-11D3-BF4B-00C04F79EFBC}") = "ControllersAndRoutes.Tests", "ControllersAndRoutes.Tests\ControllersAndRoutes.Tests.csproj", "{D17F3F83-138F-4F25-915B-9927BF61BC9D}"
EndProject
Global
	GlobalSection(SolutionConfigurationPlatforms) = preSolution
		Debug|Any CPU = Debug|Any CPU
		Release|Any CPU = Release|Any CPU
	EndGlobalSection
	GlobalSection(ProjectConfigurationPlatforms) = postSolution
		{8B26CEB6-F555-475A-B4DE-060D0704E576}.Debug|Any CPU.ActiveCfg = Debug|Any CPU
		{8B26CEB6-F555-475A-B4DE-060D0704E576}.Debug|Any CPU.Build.0 = Debug|Any CPU
		{8B26CEB6-F555-475A-B4DE-060D0704E576}.Release|Any CPU.ActiveCfg = Release|Any CPU
		{8B26CEB6-F555-475A-B4DE-060D0704E576}.Release|Any CPU.Build.0 = Release|Any CPU
		{D17F3F83-138F-4F25-915B-9927BF61BC9D}.Debug|Any CPU.ActiveCfg = Debug|Any CPU
		{D17F3F83-138F-4F25-915B-9927BF61BC9D}.Debug|Any CPU.Build.0 = Debug|Any CPU
		{D17F3F83-138F-4F25-915B-9927BF61BC9D}.Release|Any CPU.ActiveCfg = Release|Any CPU
		{D17F3F83-138F-4F25-915B-9927BF61BC9D}.Release|Any CPU.Build.0 = Release|Any CPU
	EndGlobalSection
	GlobalSection(SolutionProperties) = preSolution
		HideSolutionNode = FALSE
	EndGlobalSection
EndGlobal
